
Microsoft Visual Studio Solution File, Format Version 12.00
# Visual Studio Version 17
VisualStudioVersion = 17.7.34009.444
MinimumVisualStudioVersion = 10.0.40219.1
Project("{FAE04EC0-301F-11D3-BF4B-00C04F79EFBC}") = "start", "relatorio\start.csproj", "{27A97667-EF18-4221-BEE4-21225BB11217}"
EndProject
Project("{FAE04EC0-301F-11D3-BF4B-00C04F79EFBC}") = "HomeClass", "HomeClass\HomeClass.csproj", "{BCB794D2-7F58-499F-9DAF-56251DC4ECB3}"
EndProject
Project("{FAE04EC0-301F-11D3-BF4B-00C04F79EFBC}") = "format", "tbformat\format.csproj", "{A9C5CBAB-6A83-40E9-B1D6-96AC44AEEAA0}"
EndProject
Project("{2150E333-8FDC-42A3-9474-1A3956D46DE8}") = "Classes", "Classes", "{8B1D4BEC-EE7F-4D1E-BB45-080B174B0FEB}"
EndProject
Project("{FAE04EC0-301F-11D3-BF4B-00C04F79EFBC}") = "DB", "DB\DB.csproj", "{35DBB875-883A-45C2-9DBE-980213AB7C9D}"
EndProject
Global
	GlobalSection(SolutionConfigurationPlatforms) = preSolution
		Debug|Any CPU = Debug|Any CPU
		Debug|ARM = Debug|ARM
		Debug|ARM64 = Debug|ARM64
		Debug|x64 = Debug|x64
		Debug|x86 = Debug|x86
		Release|Any CPU = Release|Any CPU
		Release|ARM = Release|ARM
		Release|ARM64 = Release|ARM64
		Release|x64 = Release|x64
		Release|x86 = Release|x86
	EndGlobalSection
	GlobalSection(ProjectConfigurationPlatforms) = postSolution
		{27A97667-EF18-4221-BEE4-21225BB11217}.Debug|Any CPU.ActiveCfg = Debug|Any CPU
		{27A97667-EF18-4221-BEE4-21225BB11217}.Debug|Any CPU.Build.0 = Debug|Any CPU
		{27A97667-EF18-4221-BEE4-21225BB11217}.Debug|ARM.ActiveCfg = Debug|Any CPU
		{27A97667-EF18-4221-BEE4-21225BB11217}.Debug|ARM.Build.0 = Debug|Any CPU
		{27A97667-EF18-4221-BEE4-21225BB11217}.Debug|ARM64.ActiveCfg = Debug|Any CPU
		{27A97667-EF18-4221-BEE4-21225BB11217}.Debug|ARM64.Build.0 = Debug|Any CPU
		{27A97667-EF18-4221-BEE4-21225BB11217}.Debug|x64.ActiveCfg = Debug|Any CPU
		{27A97667-EF18-4221-BEE4-21225BB11217}.Debug|x64.Build.0 = Debug|Any CPU
		{27A97667-EF18-4221-BEE4-21225BB11217}.Debug|x86.ActiveCfg = Debug|Any CPU
		{27A97667-EF18-4221-BEE4-21225BB11217}.Debug|x86.Build.0 = Debug|Any CPU
		{27A97667-EF18-4221-BEE4-21225BB11217}.Release|Any CPU.ActiveCfg = Release|Any CPU
		{27A97667-EF18-4221-BEE4-21225BB11217}.Release|Any CPU.Build.0 = Release|Any CPU
		{27A97667-EF18-4221-BEE4-21225BB11217}.Release|ARM.ActiveCfg = Release|Any CPU
		{27A97667-EF18-4221-BEE4-21225BB11217}.Release|ARM.Build.0 = Release|Any CPU
		{27A97667-EF18-4221-BEE4-21225BB11217}.Release|ARM64.ActiveCfg = Release|Any CPU
		{27A97667-EF18-4221-BEE4-21225BB11217}.Release|ARM64.Build.0 = Release|Any CPU
		{27A97667-EF18-4221-BEE4-21225BB11217}.Release|x64.ActiveCfg = Release|Any CPU
		{27A97667-EF18-4221-BEE4-21225BB11217}.Release|x64.Build.0 = Release|Any CPU
		{27A97667-EF18-4221-BEE4-21225BB11217}.Release|x86.ActiveCfg = Release|Any CPU
		{27A97667-EF18-4221-BEE4-21225BB11217}.Release|x86.Build.0 = Release|Any CPU
		{BCB794D2-7F58-499F-9DAF-56251DC4ECB3}.Debug|Any CPU.ActiveCfg = Debug|Any CPU
		{BCB794D2-7F58-499F-9DAF-56251DC4ECB3}.Debug|Any CPU.Build.0 = Debug|Any CPU
		{BCB794D2-7F58-499F-9DAF-56251DC4ECB3}.Debug|ARM.ActiveCfg = Debug|Any CPU
		{BCB794D2-7F58-499F-9DAF-56251DC4ECB3}.Debug|ARM.Build.0 = Debug|Any CPU
		{BCB794D2-7F58-499F-9DAF-56251DC4ECB3}.Debug|ARM64.ActiveCfg = Debug|Any CPU
		{BCB794D2-7F58-499F-9DAF-56251DC4ECB3}.Debug|ARM64.Build.0 = Debug|Any CPU
		{BCB794D2-7F58-499F-9DAF-56251DC4ECB3}.Debug|x64.ActiveCfg = Debug|Any CPU
		{BCB794D2-7F58-499F-9DAF-56251DC4ECB3}.Debug|x64.Build.0 = Debug|Any CPU
		{BCB794D2-7F58-499F-9DAF-56251DC4ECB3}.Debug|x86.ActiveCfg = Debug|Any CPU
		{BCB794D2-7F58-499F-9DAF-56251DC4ECB3}.Debug|x86.Build.0 = Debug|Any CPU
		{BCB794D2-7F58-499F-9DAF-56251DC4ECB3}.Release|Any CPU.ActiveCfg = Release|Any CPU
		{BCB794D2-7F58-499F-9DAF-56251DC4ECB3}.Release|Any CPU.Build.0 = Release|Any CPU
		{BCB794D2-7F58-499F-9DAF-56251DC4ECB3}.Release|ARM.ActiveCfg = Release|Any CPU
		{BCB794D2-7F58-499F-9DAF-56251DC4ECB3}.Release|ARM.Build.0 = Release|Any CPU
		{BCB794D2-7F58-499F-9DAF-56251DC4ECB3}.Release|ARM64.ActiveCfg = Release|Any CPU
		{BCB794D2-7F58-499F-9DAF-56251DC4ECB3}.Release|ARM64.Build.0 = Release|Any CPU
		{BCB794D2-7F58-499F-9DAF-56251DC4ECB3}.Release|x64.ActiveCfg = Release|Any CPU
		{BCB794D2-7F58-499F-9DAF-56251DC4ECB3}.Release|x64.Build.0 = Release|Any CPU
		{BCB794D2-7F58-499F-9DAF-56251DC4ECB3}.Release|x86.ActiveCfg = Release|Any CPU
		{BCB794D2-7F58-499F-9DAF-56251DC4ECB3}.Release|x86.Build.0 = Release|Any CPU
		{A9C5CBAB-6A83-40E9-B1D6-96AC44AEEAA0}.Debug|Any CPU.ActiveCfg = Debug|Any CPU
		{A9C5CBAB-6A83-40E9-B1D6-96AC44AEEAA0}.Debug|Any CPU.Build.0 = Debug|Any CPU
		{A9C5CBAB-6A83-40E9-B1D6-96AC44AEEAA0}.Debug|ARM.ActiveCfg = Debug|Any CPU
		{A9C5CBAB-6A83-40E9-B1D6-96AC44AEEAA0}.Debug|ARM.Build.0 = Debug|Any CPU
		{A9C5CBAB-6A83-40E9-B1D6-96AC44AEEAA0}.Debug|ARM64.ActiveCfg = Debug|Any CPU
		{A9C5CBAB-6A83-40E9-B1D6-96AC44AEEAA0}.Debug|ARM64.Build.0 = Debug|Any CPU
		{A9C5CBAB-6A83-40E9-B1D6-96AC44AEEAA0}.Debug|x64.ActiveCfg = Debug|Any CPU
		{A9C5CBAB-6A83-40E9-B1D6-96AC44AEEAA0}.Debug|x64.Build.0 = Debug|Any CPU
		{A9C5CBAB-6A83-40E9-B1D6-96AC44AEEAA0}.Debug|x86.ActiveCfg = Debug|Any CPU
		{A9C5CBAB-6A83-40E9-B1D6-96AC44AEEAA0}.Debug|x86.Build.0 = Debug|Any CPU
		{A9C5CBAB-6A83-40E9-B1D6-96AC44AEEAA0}.Release|Any CPU.ActiveCfg = Release|Any CPU
		{A9C5CBAB-6A83-40E9-B1D6-96AC44AEEAA0}.Release|Any CPU.Build.0 = Release|Any CPU
		{A9C5CBAB-6A83-40E9-B1D6-96AC44AEEAA0}.Release|ARM.ActiveCfg = Release|Any CPU
		{A9C5CBAB-6A83-40E9-B1D6-96AC44AEEAA0}.Release|ARM.Build.0 = Release|Any CPU
		{A9C5CBAB-6A83-40E9-B1D6-96AC44AEEAA0}.Release|ARM64.ActiveCfg = Release|Any CPU
		{A9C5CBAB-6A83-40E9-B1D6-96AC44AEEAA0}.Release|ARM64.Build.0 = Release|Any CPU
		{A9C5CBAB-6A83-40E9-B1D6-96AC44AEEAA0}.Release|x64.ActiveCfg = Release|Any CPU
		{A9C5CBAB-6A83-40E9-B1D6-96AC44AEEAA0}.Release|x64.Build.0 = Release|Any CPU
		{A9C5CBAB-6A83-40E9-B1D6-96AC44AEEAA0}.Release|x86.ActiveCfg = Release|Any CPU
		{A9C5CBAB-6A83-40E9-B1D6-96AC44AEEAA0}.Release|x86.Build.0 = Release|Any CPU
		{35DBB875-883A-45C2-9DBE-980213AB7C9D}.Debug|Any CPU.ActiveCfg = Debug|Any CPU
		{35DBB875-883A-45C2-9DBE-980213AB7C9D}.Debug|Any CPU.Build.0 = Debug|Any CPU
		{35DBB875-883A-45C2-9DBE-980213AB7C9D}.Debug|ARM.ActiveCfg = Debug|Any CPU
		{35DBB875-883A-45C2-9DBE-980213AB7C9D}.Debug|ARM.Build.0 = Debug|Any CPU
		{35DBB875-883A-45C2-9DBE-980213AB7C9D}.Debug|ARM64.ActiveCfg = Debug|Any CPU
		{35DBB875-883A-45C2-9DBE-980213AB7C9D}.Debug|ARM64.Build.0 = Debug|Any CPU
		{35DBB875-883A-45C2-9DBE-980213AB7C9D}.Debug|x64.ActiveCfg = Debug|Any CPU
		{35DBB875-883A-45C2-9DBE-980213AB7C9D}.Debug|x64.Build.0 = Debug|Any CPU
		{35DBB875-883A-45C2-9DBE-980213AB7C9D}.Debug|x86.ActiveCfg = Debug|Any CPU
		{35DBB875-883A-45C2-9DBE-980213AB7C9D}.Debug|x86.Build.0 = Debug|Any CPU
		{35DBB875-883A-45C2-9DBE-980213AB7C9D}.Release|Any CPU.ActiveCfg = Release|Any CPU
		{35DBB875-883A-45C2-9DBE-980213AB7C9D}.Release|Any CPU.Build.0 = Release|Any CPU
		{35DBB875-883A-45C2-9DBE-980213AB7C9D}.Release|ARM.ActiveCfg = Release|Any CPU
		{35DBB875-883A-45C2-9DBE-980213AB7C9D}.Release|ARM.Build.0 = Release|Any CPU
		{35DBB875-883A-45C2-9DBE-980213AB7C9D}.Release|ARM64.ActiveCfg = Release|Any CPU
		{35DBB875-883A-45C2-9DBE-980213AB7C9D}.Release|ARM64.Build.0 = Release|Any CPU
		{35DBB875-883A-45C2-9DBE-980213AB7C9D}.Release|x64.ActiveCfg = Release|Any CPU
		{35DBB875-883A-45C2-9DBE-980213AB7C9D}.Release|x64.Build.0 = Release|Any CPU
		{35DBB875-883A-45C2-9DBE-980213AB7C9D}.Release|x86.ActiveCfg = Release|Any CPU
		{35DBB875-883A-45C2-9DBE-980213AB7C9D}.Release|x86.Build.0 = Release|Any CPU
	EndGlobalSection
	GlobalSection(SolutionProperties) = preSolution
		HideSolutionNode = FALSE
	EndGlobalSection
	GlobalSection(NestedProjects) = preSolution
		{BCB794D2-7F58-499F-9DAF-56251DC4ECB3} = {8B1D4BEC-EE7F-4D1E-BB45-080B174B0FEB}
		{A9C5CBAB-6A83-40E9-B1D6-96AC44AEEAA0} = {8B1D4BEC-EE7F-4D1E-BB45-080B174B0FEB}
		{35DBB875-883A-45C2-9DBE-980213AB7C9D} = {8B1D4BEC-EE7F-4D1E-BB45-080B174B0FEB}
	EndGlobalSection
	GlobalSection(ExtensibilityGlobals) = postSolution
		SolutionGuid = {6AB8FDAE-CF18-48C5-AE37-3F23EADD7172}
	EndGlobalSection
EndGlobal
